
Microsoft Visual Studio Solution File, Format Version 12.00
# Visual Studio 15
VisualStudioVersion = 15.0.27428.2002
MinimumVisualStudioVersion = 10.0.40219.1
Project("{FAE04EC0-301F-11D3-BF4B-00C04F79EFBC}") = "serie2", "serie2\serie2.csproj", "{B193BC7C-2B85-4CBD-A1FC-B15C3CBE8FEC}"
EndProject
Global
	GlobalSection(SolutionConfigurationPlatforms) = preSolution
		Debug|Any CPU = Debug|Any CPU
		Release|Any CPU = Release|Any CPU
	EndGlobalSection
	GlobalSection(ProjectConfigurationPlatforms) = postSolution
		{B193BC7C-2B85-4CBD-A1FC-B15C3CBE8FEC}.Debug|Any CPU.ActiveCfg = Debug|Any CPU
		{B193BC7C-2B85-4CBD-A1FC-B15C3CBE8FEC}.Debug|Any CPU.Build.0 = Debug|Any CPU
		{B193BC7C-2B85-4CBD-A1FC-B15C3CBE8FEC}.Release|Any CPU.ActiveCfg = Release|Any CPU
		{B193BC7C-2B85-4CBD-A1FC-B15C3CBE8FEC}.Release|Any CPU.Build.0 = Release|Any CPU
	EndGlobalSection
	GlobalSection(SolutionProperties) = preSolution
		HideSolutionNode = FALSE
	EndGlobalSection
	GlobalSection(ExtensibilityGlobals) = postSolution
		SolutionGuid = {1DC23BCD-A005-4166-AD4E-06D3C8DFD51B}
	EndGlobalSection
EndGlobal
